<?xml version="1.0" encoding="utf-8"?>
<Project ToolsVersion="4.0" xmlns="http://schemas.microsoft.com/developer/msbuild/2003">
  <ItemGroup>
    <Filter Include="Source Files">
      <UniqueIdentifier>{4FC737F1-C7A5-4376-A066-2A32D752A2FF}</UniqueIdentifier>
      <Extensions>cpp;c;cc;cxx;def;odl;idl;hpj;bat;asm;asmx</Extensions>
    </Filter>
    <Filter Include="Header Files">
      <UniqueIdentifier>{93995380-89BD-4b04-88EB-625FBE52EBFB}</UniqueIdentifier>
      <Extensions>h;hh;hpp;hxx;hm;inl;inc;xsd</Extensions>
    </Filter>
    <Filter Include="Header Files\AL">
      <UniqueIdentifier>{9ebe0a8e-1c71-4b87-9fbb-f3d944fd97f6}</UniqueIdentifier>
    </Filter>
    <Filter Include="Header Files\asm">
      <UniqueIdentifier>{ba3b5125-9790-4c9c-a2fa-41a81052b520}</UniqueIdentifier>
    </Filter>
    <Filter Include="Header Files\botlib">
      <UniqueIdentifier>{45fa49d8-fa84-4b56-adfe-cbff35667969}</UniqueIdentifier>
    </Filter>
    <Filter Include="Header Files\cgame">
      <UniqueIdentifier>{6def45fa-8f09-4adf-94c3-d45f00317652}</UniqueIdentifier>
    </Filter>
    <Filter Include="Header Files\client">
      <UniqueIdentifier>{1fcc3bc4-5b35-49d4-932a-184f29f9c008}</UniqueIdentifier>
    </Filter>
    <Filter Include="Header Files\game">
      <UniqueIdentifier>{e237371a-f956-427d-8ca6-32e2e2a3b529}</UniqueIdentifier>
    </Filter>
    <Filter Include="Header Files\jpeg-8c">
      <UniqueIdentifier>{ea2195cb-9cb7-418b-8220-e5bd53694506}</UniqueIdentifier>
    </Filter>
    <Filter Include="Header Files\libcurl">
      <UniqueIdentifier>{040fad62-32c7-4298-846e-159128a413ae}</UniqueIdentifier>
    </Filter>
    <Filter Include="Header Files\libmad">
      <UniqueIdentifier>{e1249bca-1486-4817-a6cf-e5a96c818586}</UniqueIdentifier>
    </Filter>
    <Filter Include="Header Files\libspeex">
      <UniqueIdentifier>{a69385ca-4142-4c4d-9f5e-1cf8bb464310}</UniqueIdentifier>
    </Filter>
    <Filter Include="Header Files\sdl">
      <UniqueIdentifier>{781f8f07-bd81-4ce7-b28f-0d018f5b1bd1}</UniqueIdentifier>
    </Filter>
    <Filter Include="Header Files\SDL12">
      <UniqueIdentifier>{7ad16de4-4a06-49ba-9c6f-7208ec3b7259}</UniqueIdentifier>
    </Filter>
    <Filter Include="Header Files\server">
      <UniqueIdentifier>{686a6ff8-4874-4f0f-aa82-ca95c6e04e74}</UniqueIdentifier>
    </Filter>
    <Filter Include="Header Files\sys">
      <UniqueIdentifier>{a49f7886-47a9-4c81-844d-8d8dbe9777be}</UniqueIdentifier>
    </Filter>
    <Filter Include="Header Files\zlib">
      <UniqueIdentifier>{a05e84f7-d495-45d7-8d6d-eaa4e0f7dd74}</UniqueIdentifier>
    </Filter>
    <Filter Include="Header Files\renderer">
      <UniqueIdentifier>{4fc15d3c-43da-43be-85a7-07da8c34d70a}</UniqueIdentifier>
    </Filter>
    <Filter Include="Header Files\qcommon">
      <UniqueIdentifier>{b60c3743-2c8f-4d56-83ac-d20b5fff1de5}</UniqueIdentifier>
    </Filter>
    <Filter Include="Header Files\libcurl\curl">
      <UniqueIdentifier>{2105dfcc-f4cd-45c5-b63d-e10e6a4a1267}</UniqueIdentifier>
    </Filter>
    <Filter Include="Header Files\SDL12\include">
      <UniqueIdentifier>{c74ff978-4bc9-4bbc-aec9-d790e608c675}</UniqueIdentifier>
    </Filter>
    <Filter Include="Header Files\ui">
      <UniqueIdentifier>{8c3fb4f4-ce49-4442-bfbf-5d94af34b205}</UniqueIdentifier>
    </Filter>
    <Filter Include="Source Files\asm">
      <UniqueIdentifier>{47d314ff-cb55-46aa-969b-f325f3212f42}</UniqueIdentifier>
    </Filter>
    <Filter Include="Source Files\botlib">
      <UniqueIdentifier>{e76aa478-f9bf-4f23-8694-c9f9be013cf8}</UniqueIdentifier>
    </Filter>
    <Filter Include="Source Files\cgame">
      <UniqueIdentifier>{6edbded1-f45a-4c4a-9158-1ed5ff9baff6}</UniqueIdentifier>
    </Filter>
    <Filter Include="Source Files\client">
      <UniqueIdentifier>{62a5e9b7-b0a5-48dd-8bf2-88d58866d0e9}</UniqueIdentifier>
    </Filter>
    <Filter Include="Source Files\game">
      <UniqueIdentifier>{829a72eb-e135-4d67-97dc-f77eac922a08}</UniqueIdentifier>
    </Filter>
    <Filter Include="Source Files\jpeg-8c">
      <UniqueIdentifier>{b798f211-1785-4b0b-be22-ba1dcf8d5c99}</UniqueIdentifier>
    </Filter>
    <Filter Include="Header Files\libspeex\include">
      <UniqueIdentifier>{755c8977-7cd4-4570-9afe-7816860062db}</UniqueIdentifier>
    </Filter>
    <Filter Include="Header Files\libspeex\include\speex">
      <UniqueIdentifier>{53f628e6-b2b8-4c52-8e3e-42d0ef6b2a16}</UniqueIdentifier>
    </Filter>
    <Filter Include="Source Files\qcommon">
      <UniqueIdentifier>{8e323a83-2723-4990-bfbc-0d07b5fa41b3}</UniqueIdentifier>
    </Filter>
    <Filter Include="Source Files\null">
      <UniqueIdentifier>{31db0aed-717c-48ed-859c-29bbd7b02f69}</UniqueIdentifier>
    </Filter>
    <Filter Include="Source Files\renderer">
      <UniqueIdentifier>{6e11f38b-5d93-44b8-96c4-8dc0d6996c80}</UniqueIdentifier>
    </Filter>
    <Filter Include="Source Files\sdl">
      <UniqueIdentifier>{3693c7f3-01db-4cc8-8e55-31d0b6c4948b}</UniqueIdentifier>
    </Filter>
    <Filter Include="Source Files\server">
      <UniqueIdentifier>{b1ad297b-855d-4c68-bc75-a513b5c851aa}</UniqueIdentifier>
    </Filter>
    <Filter Include="Source Files\sys">
      <UniqueIdentifier>{91aa7c89-88f3-4b6d-a3ad-b29825bb1bb9}</UniqueIdentifier>
    </Filter>
    <Filter Include="Source Files\ui">
      <UniqueIdentifier>{b49b9c47-0e7d-4a7b-92e0-e56b21b6ff2d}</UniqueIdentifier>
    </Filter>
    <Filter Include="Source Files\zlib">
      <UniqueIdentifier>{91bddf01-7a45-48cb-8765-4f2f2513683c}</UniqueIdentifier>
    </Filter>
  </ItemGroup>
  <ItemGroup>
    <ClInclude Include="..\..\code\AL\al.h">
      <Filter>Header Files\AL</Filter>
    </ClInclude>
    <ClInclude Include="..\..\code\AL\alc.h">
      <Filter>Header Files\AL</Filter>
    </ClInclude>
    <ClInclude Include="..\..\code\AL\alctypes.h">
      <Filter>Header Files\AL</Filter>
    </ClInclude>
    <ClInclude Include="..\..\code\AL\altypes.h">
      <Filter>Header Files\AL</Filter>
    </ClInclude>
    <ClInclude Include="..\..\code\AL\alut.h">
      <Filter>Header Files\AL</Filter>
    </ClInclude>
    <ClInclude Include="..\..\code\asm\qasm.h">
      <Filter>Header Files\asm</Filter>
    </ClInclude>
    <ClInclude Include="..\..\code\asm\qasm-inline.h">
      <Filter>Header Files\asm</Filter>
    </ClInclude>
    <ClInclude Include="..\..\code\botlib\aasfile.h">
      <Filter>Header Files\botlib</Filter>
    </ClInclude>
    <ClInclude Include="..\..\code\botlib\be_aas.h">
      <Filter>Header Files\botlib</Filter>
    </ClInclude>
    <ClInclude Include="..\..\code\botlib\be_aas_bsp.h">
      <Filter>Header Files\botlib</Filter>
    </ClInclude>
    <ClInclude Include="..\..\code\botlib\be_aas_cluster.h">
      <Filter>Header Files\botlib</Filter>
    </ClInclude>
    <ClInclude Include="..\..\code\botlib\be_aas_debug.h">
      <Filter>Header Files\botlib</Filter>
    </ClInclude>
    <ClInclude Include="..\..\code\botlib\be_aas_def.h">
      <Filter>Header Files\botlib</Filter>
    </ClInclude>
    <ClInclude Include="..\..\code\botlib\be_aas_entity.h">
      <Filter>Header Files\botlib</Filter>
    </ClInclude>
    <ClInclude Include="..\..\code\botlib\be_aas_file.h">
      <Filter>Header Files\botlib</Filter>
    </ClInclude>
    <ClInclude Include="..\..\code\botlib\be_aas_funcs.h">
      <Filter>Header Files\botlib</Filter>
    </ClInclude>
    <ClInclude Include="..\..\code\botlib\be_aas_main.h">
      <Filter>Header Files\botlib</Filter>
    </ClInclude>
    <ClInclude Include="..\..\code\botlib\be_aas_move.h">
      <Filter>Header Files\botlib</Filter>
    </ClInclude>
    <ClInclude Include="..\..\code\botlib\be_aas_optimize.h">
      <Filter>Header Files\botlib</Filter>
    </ClInclude>
    <ClInclude Include="..\..\code\botlib\be_aas_reach.h">
      <Filter>Header Files\botlib</Filter>
    </ClInclude>
    <ClInclude Include="..\..\code\botlib\be_aas_route.h">
      <Filter>Header Files\botlib</Filter>
    </ClInclude>
    <ClInclude Include="..\..\code\botlib\be_aas_routealt.h">
      <Filter>Header Files\botlib</Filter>
    </ClInclude>
    <ClInclude Include="..\..\code\botlib\be_aas_sample.h">
      <Filter>Header Files\botlib</Filter>
    </ClInclude>
    <ClInclude Include="..\..\code\botlib\be_ai_char.h">
      <Filter>Header Files\botlib</Filter>
    </ClInclude>
    <ClInclude Include="..\..\code\botlib\be_ai_chat.h">
      <Filter>Header Files\botlib</Filter>
    </ClInclude>
    <ClInclude Include="..\..\code\botlib\be_ai_gen.h">
      <Filter>Header Files\botlib</Filter>
    </ClInclude>
    <ClInclude Include="..\..\code\botlib\be_ai_goal.h">
      <Filter>Header Files\botlib</Filter>
    </ClInclude>
    <ClInclude Include="..\..\code\botlib\be_ai_move.h">
      <Filter>Header Files\botlib</Filter>
    </ClInclude>
    <ClInclude Include="..\..\code\botlib\be_ai_weap.h">
      <Filter>Header Files\botlib</Filter>
    </ClInclude>
    <ClInclude Include="..\..\code\botlib\be_ai_weight.h">
      <Filter>Header Files\botlib</Filter>
    </ClInclude>
    <ClInclude Include="..\..\code\botlib\be_ea.h">
      <Filter>Header Files\botlib</Filter>
    </ClInclude>
    <ClInclude Include="..\..\code\botlib\be_interface.h">
      <Filter>Header Files\botlib</Filter>
    </ClInclude>
    <ClInclude Include="..\..\code\botlib\botlib.h">
      <Filter>Header Files\botlib</Filter>
    </ClInclude>
    <ClInclude Include="..\..\code\botlib\l_crc.h">
      <Filter>Header Files\botlib</Filter>
    </ClInclude>
    <ClInclude Include="..\..\code\botlib\l_libvar.h">
      <Filter>Header Files\botlib</Filter>
    </ClInclude>
    <ClInclude Include="..\..\code\botlib\l_log.h">
      <Filter>Header Files\botlib</Filter>
    </ClInclude>
    <ClInclude Include="..\..\code\botlib\l_memory.h">
      <Filter>Header Files\botlib</Filter>
    </ClInclude>
    <ClInclude Include="..\..\code\botlib\l_precomp.h">
      <Filter>Header Files\botlib</Filter>
    </ClInclude>
    <ClInclude Include="..\..\code\botlib\l_script.h">
      <Filter>Header Files\botlib</Filter>
    </ClInclude>
    <ClInclude Include="..\..\code\botlib\l_struct.h">
      <Filter>Header Files\botlib</Filter>
    </ClInclude>
    <ClInclude Include="..\..\code\botlib\l_utils.h">
      <Filter>Header Files\botlib</Filter>
    </ClInclude>
    <ClInclude Include="..\..\code\cgame\cg_anims.h">
      <Filter>Header Files\cgame</Filter>
    </ClInclude>
    <ClInclude Include="..\..\code\cgame\cg_local.h">
      <Filter>Header Files\cgame</Filter>
    </ClInclude>
    <ClInclude Include="..\..\code\cgame\cg_lua.h">
      <Filter>Header Files\cgame</Filter>
    </ClInclude>
    <ClInclude Include="..\..\code\cgame\cg_public.h">
      <Filter>Header Files\cgame</Filter>
    </ClInclude>
    <ClInclude Include="..\..\code\cgame\cg_screenfx.h">
      <Filter>Header Files\cgame</Filter>
    </ClInclude>
    <ClInclude Include="..\..\code\cgame\cg_text.h">
      <Filter>Header Files\cgame</Filter>
    </ClInclude>
    <ClInclude Include="..\..\code\cgame\fx_local.h">
      <Filter>Header Files\cgame</Filter>
    </ClInclude>
    <ClInclude Include="..\..\code\cgame\list.h">
      <Filter>Header Files\cgame</Filter>
    </ClInclude>
    <ClInclude Include="..\..\code\cgame\tr_types.h">
      <Filter>Header Files\cgame</Filter>
    </ClInclude>
    <ClInclude Include="..\..\code\client\cl_curl.h">
      <Filter>Header Files\client</Filter>
    </ClInclude>
    <ClInclude Include="..\..\code\client\client.h">
      <Filter>Header Files\client</Filter>
    </ClInclude>
    <ClInclude Include="..\..\code\client\keycodes.h">
      <Filter>Header Files\client</Filter>
    </ClInclude>
    <ClInclude Include="..\..\code\client\keys.h">
      <Filter>Header Files\client</Filter>
    </ClInclude>
    <ClInclude Include="..\..\code\client\libmumblelink.h">
      <Filter>Header Files\client</Filter>
    </ClInclude>
    <ClInclude Include="..\..\code\client\qal.h">
      <Filter>Header Files\client</Filter>
    </ClInclude>
    <ClInclude Include="..\..\code\client\snd_codec.h">
      <Filter>Header Files\client</Filter>
    </ClInclude>
    <ClInclude Include="..\..\code\client\snd_local.h">
      <Filter>Header Files\client</Filter>
    </ClInclude>
    <ClInclude Include="..\..\code\client\snd_public.h">
      <Filter>Header Files\client</Filter>
    </ClInclude>
    <ClInclude Include="..\..\code\game\ai_chat.h">
      <Filter>Header Files\game</Filter>
    </ClInclude>
    <ClInclude Include="..\..\code\game\ai_cmd.h">
      <Filter>Header Files\game</Filter>
    </ClInclude>
    <ClInclude Include="..\..\code\game\ai_dmnet.h">
      <Filter>Header Files\game</Filter>
    </ClInclude>
    <ClInclude Include="..\..\code\game\ai_dmq3.h">
      <Filter>Header Files\game</Filter>
    </ClInclude>
    <ClInclude Include="..\..\code\game\ai_main.h">
      <Filter>Header Files\game</Filter>
    </ClInclude>
    <ClInclude Include="..\..\code\game\ai_team.h">
      <Filter>Header Files\game</Filter>
    </ClInclude>
    <ClInclude Include="..\..\code\game\be_aas.h">
      <Filter>Header Files\game</Filter>
    </ClInclude>
    <ClInclude Include="..\..\code\game\be_ai_char.h">
      <Filter>Header Files\game</Filter>
    </ClInclude>
    <ClInclude Include="..\..\code\game\be_ai_chat.h">
      <Filter>Header Files\game</Filter>
    </ClInclude>
    <ClInclude Include="..\..\code\game\be_ai_gen.h">
      <Filter>Header Files\game</Filter>
    </ClInclude>
    <ClInclude Include="..\..\code\game\be_ai_goal.h">
      <Filter>Header Files\game</Filter>
    </ClInclude>
    <ClInclude Include="..\..\code\game\be_ai_move.h">
      <Filter>Header Files\game</Filter>
    </ClInclude>
    <ClInclude Include="..\..\code\game\be_ai_weap.h">
      <Filter>Header Files\game</Filter>
    </ClInclude>
    <ClInclude Include="..\..\code\game\be_ea.h">
      <Filter>Header Files\game</Filter>
    </ClInclude>
    <ClInclude Include="..\..\code\game\bg_lib.h">
      <Filter>Header Files\game</Filter>
    </ClInclude>
    <ClInclude Include="..\..\code\game\bg_local.h">
      <Filter>Header Files\game</Filter>
    </ClInclude>
    <ClInclude Include="..\..\code\game\bg_oums.h">
      <Filter>Header Files\game</Filter>
    </ClInclude>
    <ClInclude Include="..\..\code\game\bg_public.h">
      <Filter>Header Files\game</Filter>
    </ClInclude>
    <ClInclude Include="..\..\code\game\botai.h">
      <Filter>Header Files\game</Filter>
    </ClInclude>
    <ClInclude Include="..\..\code\game\botlib.h">
      <Filter>Header Files\game</Filter>
    </ClInclude>
    <ClInclude Include="..\..\code\game\chars.h">
      <Filter>Header Files\game</Filter>
    </ClInclude>
    <ClInclude Include="..\..\code\game\g_breakable.h">
      <Filter>Header Files\game</Filter>
    </ClInclude>
    <ClInclude Include="..\..\code\game\g_cinematic.h">
      <Filter>Header Files\game</Filter>
    </ClInclude>
    <ClInclude Include="..\..\code\game\g_combat.h">
      <Filter>Header Files\game</Filter>
    </ClInclude>
    <ClInclude Include="..\..\code\game\g_groups.h">
      <Filter>Header Files\game</Filter>
    </ClInclude>
    <ClInclude Include="..\..\code\game\g_local.h">
      <Filter>Header Files\game</Filter>
    </ClInclude>
    <ClInclude Include="..\..\code\game\g_lua.h">
      <Filter>Header Files\game</Filter>
    </ClInclude>
    <ClInclude Include="..\..\code\game\g_public.h">
      <Filter>Header Files\game</Filter>
    </ClInclude>
    <ClInclude Include="..\..\code\game\g_roff.h">
      <Filter>Header Files\game</Filter>
    </ClInclude>
    <ClInclude Include="..\..\code\game\g_spawn.h">
      <Filter>Header Files\game</Filter>
    </ClInclude>
    <ClInclude Include="..\..\code\game\g_sql.h">
      <Filter>Header Files\game</Filter>
    </ClInclude>
    <ClInclude Include="..\..\code\game\g_team.h">
      <Filter>Header Files\game</Filter>
    </ClInclude>
    <ClInclude Include="..\..\code\game\g_usable.h">
      <Filter>Header Files\game</Filter>
    </ClInclude>
    <ClInclude Include="..\..\code\game\g_weapon.h">
      <Filter>Header Files\game</Filter>
    </ClInclude>
    <ClInclude Include="..\..\code\game\g_xml.h">
      <Filter>Header Files\game</Filter>
    </ClInclude>
    <ClInclude Include="..\..\code\game\inv.h">
      <Filter>Header Files\game</Filter>
    </ClInclude>
    <ClInclude Include="..\..\code\game\lapi.h">
      <Filter>Header Files\game</Filter>
    </ClInclude>
    <ClInclude Include="..\..\code\game\lauxlib.h">
      <Filter>Header Files\game</Filter>
    </ClInclude>
    <ClInclude Include="..\..\code\game\lcode.h">
      <Filter>Header Files\game</Filter>
    </ClInclude>
    <ClInclude Include="..\..\code\game\lctype.h">
      <Filter>Header Files\game</Filter>
    </ClInclude>
    <ClInclude Include="..\..\code\game\ldebug.h">
      <Filter>Header Files\game</Filter>
    </ClInclude>
    <ClInclude Include="..\..\code\game\ldo.h">
      <Filter>Header Files\game</Filter>
    </ClInclude>
    <ClInclude Include="..\..\code\game\lfunc.h">
      <Filter>Header Files\game</Filter>
    </ClInclude>
    <ClInclude Include="..\..\code\game\lgc.h">
      <Filter>Header Files\game</Filter>
    </ClInclude>
    <ClInclude Include="..\..\code\game\list.h">
      <Filter>Header Files\game</Filter>
    </ClInclude>
    <ClInclude Include="..\..\code\game\llex.h">
      <Filter>Header Files\game</Filter>
    </ClInclude>
    <ClInclude Include="..\..\code\game\llimits.h">
      <Filter>Header Files\game</Filter>
    </ClInclude>
    <ClInclude Include="..\..\code\game\lmem.h">
      <Filter>Header Files\game</Filter>
    </ClInclude>
    <ClInclude Include="..\..\code\game\lobject.h">
      <Filter>Header Files\game</Filter>
    </ClInclude>
    <ClInclude Include="..\..\code\game\lopcodes.h">
      <Filter>Header Files\game</Filter>
    </ClInclude>
    <ClInclude Include="..\..\code\game\lparser.h">
      <Filter>Header Files\game</Filter>
    </ClInclude>
    <ClInclude Include="..\..\code\game\lstate.h">
      <Filter>Header Files\game</Filter>
    </ClInclude>
    <ClInclude Include="..\..\code\game\lstring.h">
      <Filter>Header Files\game</Filter>
    </ClInclude>
    <ClInclude Include="..\..\code\game\ltable.h">
      <Filter>Header Files\game</Filter>
    </ClInclude>
    <ClInclude Include="..\..\code\game\ltm.h">
      <Filter>Header Files\game</Filter>
    </ClInclude>
    <ClInclude Include="..\..\code\game\lua.h">
      <Filter>Header Files\game</Filter>
    </ClInclude>
    <ClInclude Include="..\..\code\game\lua.hpp">
      <Filter>Header Files\game</Filter>
    </ClInclude>
    <ClInclude Include="..\..\code\game\luaconf.h">
      <Filter>Header Files\game</Filter>
    </ClInclude>
    <ClInclude Include="..\..\code\game\lualib.h">
      <Filter>Header Files\game</Filter>
    </ClInclude>
    <ClInclude Include="..\..\code\game\lundump.h">
      <Filter>Header Files\game</Filter>
    </ClInclude>
    <ClInclude Include="..\..\code\game\lvm.h">
      <Filter>Header Files\game</Filter>
    </ClInclude>
    <ClInclude Include="..\..\code\game\lzio.h">
      <Filter>Header Files\game</Filter>
    </ClInclude>
    <ClInclude Include="..\..\code\game\match.h">
      <Filter>Header Files\game</Filter>
    </ClInclude>
    <ClInclude Include="..\..\code\game\md5.h">
      <Filter>Header Files\game</Filter>
    </ClInclude>
    <ClInclude Include="..\..\code\game\q_shared.h">
      <Filter>Header Files\game</Filter>
    </ClInclude>
    <ClInclude Include="..\..\code\game\sqlite3.h">
      <Filter>Header Files\game</Filter>
    </ClInclude>
    <ClInclude Include="..\..\code\game\surfaceflags.h">
      <Filter>Header Files\game</Filter>
    </ClInclude>
    <ClInclude Include="..\..\code\game\syn.h">
      <Filter>Header Files\game</Filter>
    </ClInclude>
    <ClInclude Include="..\..\code\jpeg-8c\jconfig.h">
      <Filter>Header Files\jpeg-8c</Filter>
    </ClInclude>
    <ClInclude Include="..\..\code\jpeg-8c\jdct.h">
      <Filter>Header Files\jpeg-8c</Filter>
    </ClInclude>
    <ClInclude Include="..\..\code\jpeg-8c\jerror.h">
      <Filter>Header Files\jpeg-8c</Filter>
    </ClInclude>
    <ClInclude Include="..\..\code\jpeg-8c\jinclude.h">
      <Filter>Header Files\jpeg-8c</Filter>
    </ClInclude>
    <ClInclude Include="..\..\code\jpeg-8c\jmemsys.h">
      <Filter>Header Files\jpeg-8c</Filter>
    </ClInclude>
    <ClInclude Include="..\..\code\jpeg-8c\jmorecfg.h">
      <Filter>Header Files\jpeg-8c</Filter>
    </ClInclude>
    <ClInclude Include="..\..\code\jpeg-8c\jpegint.h">
      <Filter>Header Files\jpeg-8c</Filter>
    </ClInclude>
    <ClInclude Include="..\..\code\jpeg-8c\jpeglib.h">
      <Filter>Header Files\jpeg-8c</Filter>
    </ClInclude>
    <ClInclude Include="..\..\code\jpeg-8c\jversion.h">
      <Filter>Header Files\jpeg-8c</Filter>
    </ClInclude>
    <ClInclude Include="..\..\code\libcurl\curl\curl.h">
      <Filter>Header Files\libcurl\curl</Filter>
    </ClInclude>
    <ClInclude Include="..\..\code\libcurl\curl\curlver.h">
      <Filter>Header Files\libcurl\curl</Filter>
    </ClInclude>
    <ClInclude Include="..\..\code\libcurl\curl\easy.h">
      <Filter>Header Files\libcurl\curl</Filter>
    </ClInclude>
    <ClInclude Include="..\..\code\libcurl\curl\mprintf.h">
      <Filter>Header Files\libcurl\curl</Filter>
    </ClInclude>
    <ClInclude Include="..\..\code\libcurl\curl\multi.h">
      <Filter>Header Files\libcurl\curl</Filter>
    </ClInclude>
    <ClInclude Include="..\..\code\libcurl\curl\stdcheaders.h">
      <Filter>Header Files\libcurl\curl</Filter>
    </ClInclude>
    <ClInclude Include="..\..\code\libcurl\curl\types.h">
      <Filter>Header Files\libcurl\curl</Filter>
    </ClInclude>
    <ClInclude Include="..\..\code\libmad\mad.h">
      <Filter>Header Files\libmad</Filter>
    </ClInclude>
    <ClInclude Include="..\..\code\libspeex\_kiss_fft_guts.h">
      <Filter>Header Files\libspeex</Filter>
    </ClInclude>
    <ClInclude Include="..\..\code\libspeex\arch.h">
      <Filter>Header Files\libspeex</Filter>
    </ClInclude>
    <ClInclude Include="..\..\code\libspeex\cb_search.h">
      <Filter>Header Files\libspeex</Filter>
    </ClInclude>
    <ClInclude Include="..\..\code\libspeex\cb_search_arm4.h">
      <Filter>Header Files\libspeex</Filter>
    </ClInclude>
    <ClInclude Include="..\..\code\libspeex\cb_search_bfin.h">
      <Filter>Header Files\libspeex</Filter>
    </ClInclude>
    <ClInclude Include="..\..\code\libspeex\cb_search_sse.h">
      <Filter>Header Files\libspeex</Filter>
    </ClInclude>
    <ClInclude Include="..\..\code\libspeex\config.h">
      <Filter>Header Files\libspeex</Filter>
    </ClInclude>
    <ClInclude Include="..\..\code\libspeex\fftwrap.h">
      <Filter>Header Files\libspeex</Filter>
    </ClInclude>
    <ClInclude Include="..\..\code\libspeex\filterbank.h">
      <Filter>Header Files\libspeex</Filter>
    </ClInclude>
    <ClInclude Include="..\..\code\libspeex\filters.h">
      <Filter>Header Files\libspeex</Filter>
    </ClInclude>
    <ClInclude Include="..\..\code\libspeex\filters_arm4.h">
      <Filter>Header Files\libspeex</Filter>
    </ClInclude>
    <ClInclude Include="..\..\code\libspeex\filters_bfin.h">
      <Filter>Header Files\libspeex</Filter>
    </ClInclude>
    <ClInclude Include="..\..\code\libspeex\filters_sse.h">
      <Filter>Header Files\libspeex</Filter>
    </ClInclude>
    <ClInclude Include="..\..\code\libspeex\fixed_arm4.h">
      <Filter>Header Files\libspeex</Filter>
    </ClInclude>
    <ClInclude Include="..\..\code\libspeex\fixed_arm5e.h">
      <Filter>Header Files\libspeex</Filter>
    </ClInclude>
    <ClInclude Include="..\..\code\libspeex\fixed_bfin.h">
      <Filter>Header Files\libspeex</Filter>
    </ClInclude>
    <ClInclude Include="..\..\code\libspeex\fixed_debug.h">
      <Filter>Header Files\libspeex</Filter>
    </ClInclude>
    <ClInclude Include="..\..\code\libspeex\fixed_generic.h">
      <Filter>Header Files\libspeex</Filter>
    </ClInclude>
    <ClInclude Include="..\..\code\libspeex\kiss_fft.h">
      <Filter>Header Files\libspeex</Filter>
    </ClInclude>
    <ClInclude Include="..\..\code\libspeex\kiss_fftr.h">
      <Filter>Header Files\libspeex</Filter>
    </ClInclude>
    <ClInclude Include="..\..\code\libspeex\lpc.h">
      <Filter>Header Files\libspeex</Filter>
    </ClInclude>
    <ClInclude Include="..\..\code\libspeex\lpc_bfin.h">
      <Filter>Header Files\libspeex</Filter>
    </ClInclude>
    <ClInclude Include="..\..\code\libspeex\lsp.h">
      <Filter>Header Files\libspeex</Filter>
    </ClInclude>
    <ClInclude Include="..\..\code\libspeex\lsp_bfin.h">
      <Filter>Header Files\libspeex</Filter>
    </ClInclude>
    <ClInclude Include="..\..\code\libspeex\ltp.h">
      <Filter>Header Files\libspeex</Filter>
    </ClInclude>
    <ClInclude Include="..\..\code\libspeex\ltp_arm4.h">
      <Filter>Header Files\libspeex</Filter>
    </ClInclude>
    <ClInclude Include="..\..\code\libspeex\ltp_bfin.h">
      <Filter>Header Files\libspeex</Filter>
    </ClInclude>
    <ClInclude Include="..\..\code\libspeex\ltp_sse.h">
      <Filter>Header Files\libspeex</Filter>
    </ClInclude>
    <ClInclude Include="..\..\code\libspeex\math_approx.h">
      <Filter>Header Files\libspeex</Filter>
    </ClInclude>
    <ClInclude Include="..\..\code\libspeex\misc_bfin.h">
      <Filter>Header Files\libspeex</Filter>
    </ClInclude>
    <ClInclude Include="..\..\code\libspeex\modes.h">
      <Filter>Header Files\libspeex</Filter>
    </ClInclude>
    <ClInclude Include="..\..\code\libspeex\nb_celp.h">
      <Filter>Header Files\libspeex</Filter>
    </ClInclude>
    <ClInclude Include="..\..\code\libspeex\os_support.h">
      <Filter>Header Files\libspeex</Filter>
    </ClInclude>
    <ClInclude Include="..\..\code\libspeex\pseudofloat.h">
      <Filter>Header Files\libspeex</Filter>
    </ClInclude>
    <ClInclude Include="..\..\code\libspeex\quant_lsp.h">
      <Filter>Header Files\libspeex</Filter>
    </ClInclude>
    <ClInclude Include="..\..\code\libspeex\quant_lsp_bfin.h">
      <Filter>Header Files\libspeex</Filter>
    </ClInclude>
    <ClInclude Include="..\..\code\libspeex\sb_celp.h">
      <Filter>Header Files\libspeex</Filter>
    </ClInclude>
    <ClInclude Include="..\..\code\libspeex\smallft.h">
      <Filter>Header Files\libspeex</Filter>
    </ClInclude>
    <ClInclude Include="..\..\code\libspeex\stack_alloc.h">
      <Filter>Header Files\libspeex</Filter>
    </ClInclude>
    <ClInclude Include="..\..\code\libspeex\vbr.h">
      <Filter>Header Files\libspeex</Filter>
    </ClInclude>
    <ClInclude Include="..\..\code\libspeex\vorbis_psy.h">
      <Filter>Header Files\libspeex</Filter>
    </ClInclude>
    <ClInclude Include="..\..\code\libspeex\vq.h">
      <Filter>Header Files\libspeex</Filter>
    </ClInclude>
    <ClInclude Include="..\..\code\libspeex\vq_arm4.h">
      <Filter>Header Files\libspeex</Filter>
    </ClInclude>
    <ClInclude Include="..\..\code\libspeex\vq_bfin.h">
      <Filter>Header Files\libspeex</Filter>
    </ClInclude>
    <ClInclude Include="..\..\code\libspeex\vq_sse.h">
      <Filter>Header Files\libspeex</Filter>
    </ClInclude>
    <ClInclude Include="..\..\code\qcommon\cm_local.h">
      <Filter>Header Files\qcommon</Filter>
    </ClInclude>
    <ClInclude Include="..\..\code\qcommon\cm_patch.h">
      <Filter>Header Files\qcommon</Filter>
    </ClInclude>
    <ClInclude Include="..\..\code\qcommon\cm_polylib.h">
      <Filter>Header Files\qcommon</Filter>
    </ClInclude>
    <ClInclude Include="..\..\code\qcommon\cm_public.h">
      <Filter>Header Files\qcommon</Filter>
    </ClInclude>
    <ClInclude Include="..\..\code\qcommon\ioapi.h">
      <Filter>Header Files\qcommon</Filter>
    </ClInclude>
    <ClInclude Include="..\..\code\qcommon\puff.h">
      <Filter>Header Files\qcommon</Filter>
    </ClInclude>
    <ClInclude Include="..\..\code\qcommon\q_platform.h">
      <Filter>Header Files\qcommon</Filter>
    </ClInclude>
    <ClInclude Include="..\..\code\qcommon\q_shared.h">
      <Filter>Header Files\qcommon</Filter>
    </ClInclude>
    <ClInclude Include="..\..\code\qcommon\qcommon.h">
      <Filter>Header Files\qcommon</Filter>
    </ClInclude>
    <ClInclude Include="..\..\code\qcommon\qfiles.h">
      <Filter>Header Files\qcommon</Filter>
    </ClInclude>
    <ClInclude Include="..\..\code\qcommon\stv_version.h">
      <Filter>Header Files\qcommon</Filter>
    </ClInclude>
    <ClInclude Include="..\..\code\qcommon\surfaceflags.h">
      <Filter>Header Files\qcommon</Filter>
    </ClInclude>
    <ClInclude Include="..\..\code\qcommon\unzip.h">
      <Filter>Header Files\qcommon</Filter>
    </ClInclude>
    <ClInclude Include="..\..\code\qcommon\vm_local.h">
      <Filter>Header Files\qcommon</Filter>
    </ClInclude>
    <ClInclude Include="..\..\code\qcommon\vm_powerpc_asm.h">
      <Filter>Header Files\qcommon</Filter>
    </ClInclude>
    <ClInclude Include="..\..\code\qcommon\vm_sparc.h">
      <Filter>Header Files\qcommon</Filter>
    </ClInclude>
    <ClInclude Include="..\..\code\renderer\iqm.h">
      <Filter>Header Files\renderer</Filter>
    </ClInclude>
    <ClInclude Include="..\..\code\renderer\qgl.h">
      <Filter>Header Files\renderer</Filter>
    </ClInclude>
    <ClInclude Include="..\..\code\renderer\tr_local.h">
      <Filter>Header Files\renderer</Filter>
    </ClInclude>
    <ClInclude Include="..\..\code\renderer\tr_public.h">
      <Filter>Header Files\renderer</Filter>
    </ClInclude>
    <ClInclude Include="..\..\code\renderer\tr_types.h">
      <Filter>Header Files\renderer</Filter>
    </ClInclude>
    <ClInclude Include="..\..\code\sys\sys_loadlib.h">
      <Filter>Header Files\sys</Filter>
    </ClInclude>
    <ClInclude Include="..\..\code\sys\sys_local.h">
      <Filter>Header Files\sys</Filter>
    </ClInclude>
    <ClInclude Include="..\..\code\sys\win_resource.h">
      <Filter>Header Files\sys</Filter>
    </ClInclude>
    <ClInclude Include="..\..\code\server\server.h">
      <Filter>Header Files\server</Filter>
    </ClInclude>
    <ClInclude Include="..\..\code\SDL12\include\begin_code.h">
      <Filter>Header Files\SDL12\include</Filter>
    </ClInclude>
    <ClInclude Include="..\..\code\SDL12\include\close_code.h">
      <Filter>Header Files\SDL12\include</Filter>
    </ClInclude>
    <ClInclude Include="..\..\code\SDL12\include\SDL.h">
      <Filter>Header Files\SDL12\include</Filter>
    </ClInclude>
    <ClInclude Include="..\..\code\SDL12\include\SDL_active.h">
      <Filter>Header Files\SDL12\include</Filter>
    </ClInclude>
    <ClInclude Include="..\..\code\SDL12\include\SDL_audio.h">
      <Filter>Header Files\SDL12\include</Filter>
    </ClInclude>
    <ClInclude Include="..\..\code\SDL12\include\SDL_byteorder.h">
      <Filter>Header Files\SDL12\include</Filter>
    </ClInclude>
    <ClInclude Include="..\..\code\SDL12\include\SDL_cdrom.h">
      <Filter>Header Files\SDL12\include</Filter>
    </ClInclude>
    <ClInclude Include="..\..\code\SDL12\include\SDL_config.h">
      <Filter>Header Files\SDL12\include</Filter>
    </ClInclude>
    <ClInclude Include="..\..\code\SDL12\include\SDL_config_amiga.h">
      <Filter>Header Files\SDL12\include</Filter>
    </ClInclude>
    <ClInclude Include="..\..\code\SDL12\include\SDL_config_dreamcast.h">
      <Filter>Header Files\SDL12\include</Filter>
    </ClInclude>
    <ClInclude Include="..\..\code\SDL12\include\SDL_config_macos.h">
      <Filter>Header Files\SDL12\include</Filter>
    </ClInclude>
    <ClInclude Include="..\..\code\SDL12\include\SDL_config_macosx.h">
      <Filter>Header Files\SDL12\include</Filter>
    </ClInclude>
    <ClInclude Include="..\..\code\SDL12\include\SDL_config_minimal.h">
      <Filter>Header Files\SDL12\include</Filter>
    </ClInclude>
    <ClInclude Include="..\..\code\SDL12\include\SDL_config_nds.h">
      <Filter>Header Files\SDL12\include</Filter>
    </ClInclude>
    <ClInclude Include="..\..\code\SDL12\include\SDL_config_os2.h">
      <Filter>Header Files\SDL12\include</Filter>
    </ClInclude>
    <ClInclude Include="..\..\code\SDL12\include\SDL_config_symbian.h">
      <Filter>Header Files\SDL12\include</Filter>
    </ClInclude>
    <ClInclude Include="..\..\code\SDL12\include\SDL_config_win32.h">
      <Filter>Header Files\SDL12\include</Filter>
    </ClInclude>
    <ClInclude Include="..\..\code\SDL12\include\SDL_copying.h">
      <Filter>Header Files\SDL12\include</Filter>
    </ClInclude>
    <ClInclude Include="..\..\code\SDL12\include\SDL_cpuinfo.h">
      <Filter>Header Files\SDL12\include</Filter>
    </ClInclude>
    <ClInclude Include="..\..\code\SDL12\include\SDL_endian.h">
      <Filter>Header Files\SDL12\include</Filter>
    </ClInclude>
    <ClInclude Include="..\..\code\SDL12\include\SDL_error.h">
      <Filter>Header Files\SDL12\include</Filter>
    </ClInclude>
    <ClInclude Include="..\..\code\SDL12\include\SDL_events.h">
      <Filter>Header Files\SDL12\include</Filter>
    </ClInclude>
    <ClInclude Include="..\..\code\SDL12\include\SDL_getenv.h">
      <Filter>Header Files\SDL12\include</Filter>
    </ClInclude>
    <ClInclude Include="..\..\code\SDL12\include\SDL_joystick.h">
      <Filter>Header Files\SDL12\include</Filter>
    </ClInclude>
    <ClInclude Include="..\..\code\SDL12\include\SDL_keyboard.h">
      <Filter>Header Files\SDL12\include</Filter>
    </ClInclude>
    <ClInclude Include="..\..\code\SDL12\include\SDL_keysym.h">
      <Filter>Header Files\SDL12\include</Filter>
    </ClInclude>
    <ClInclude Include="..\..\code\SDL12\include\SDL_loadso.h">
      <Filter>Header Files\SDL12\include</Filter>
    </ClInclude>
    <ClInclude Include="..\..\code\SDL12\include\SDL_main.h">
      <Filter>Header Files\SDL12\include</Filter>
    </ClInclude>
    <ClInclude Include="..\..\code\SDL12\include\SDL_mouse.h">
      <Filter>Header Files\SDL12\include</Filter>
    </ClInclude>
    <ClInclude Include="..\..\code\SDL12\include\SDL_mutex.h">
      <Filter>Header Files\SDL12\include</Filter>
    </ClInclude>
    <ClInclude Include="..\..\code\SDL12\include\SDL_name.h">
      <Filter>Header Files\SDL12\include</Filter>
    </ClInclude>
    <ClInclude Include="..\..\code\SDL12\include\SDL_opengl.h">
      <Filter>Header Files\SDL12\include</Filter>
    </ClInclude>
    <ClInclude Include="..\..\code\SDL12\include\SDL_platform.h">
      <Filter>Header Files\SDL12\include</Filter>
    </ClInclude>
    <ClInclude Include="..\..\code\SDL12\include\SDL_quit.h">
      <Filter>Header Files\SDL12\include</Filter>
    </ClInclude>
    <ClInclude Include="..\..\code\SDL12\include\SDL_rwops.h">
      <Filter>Header Files\SDL12\include</Filter>
    </ClInclude>
    <ClInclude Include="..\..\code\SDL12\include\SDL_stdinc.h">
      <Filter>Header Files\SDL12\include</Filter>
    </ClInclude>
    <ClInclude Include="..\..\code\SDL12\include\SDL_syswm.h">
      <Filter>Header Files\SDL12\include</Filter>
    </ClInclude>
    <ClInclude Include="..\..\code\SDL12\include\SDL_thread.h">
      <Filter>Header Files\SDL12\include</Filter>
    </ClInclude>
    <ClInclude Include="..\..\code\SDL12\include\SDL_timer.h">
      <Filter>Header Files\SDL12\include</Filter>
    </ClInclude>
    <ClInclude Include="..\..\code\SDL12\include\SDL_types.h">
      <Filter>Header Files\SDL12\include</Filter>
    </ClInclude>
    <ClInclude Include="..\..\code\SDL12\include\SDL_version.h">
      <Filter>Header Files\SDL12\include</Filter>
    </ClInclude>
    <ClInclude Include="..\..\code\SDL12\include\SDL_video.h">
      <Filter>Header Files\SDL12\include</Filter>
    </ClInclude>
    <ClInclude Include="..\..\code\sdl\sdl_icon.h">
      <Filter>Header Files\sdl</Filter>
    </ClInclude>
    <ClInclude Include="..\..\code\ui\keycodes.h">
      <Filter>Header Files\ui</Filter>
    </ClInclude>
    <ClInclude Include="..\..\code\ui\ui_local.h">
      <Filter>Header Files\ui</Filter>
    </ClInclude>
    <ClInclude Include="..\..\code\ui\ui_public.h">
      <Filter>Header Files\ui</Filter>
    </ClInclude>
    <ClInclude Include="..\..\code\zlib\crc32.h">
      <Filter>Header Files\zlib</Filter>
    </ClInclude>
    <ClInclude Include="..\..\code\zlib\inffast.h">
      <Filter>Header Files\zlib</Filter>
    </ClInclude>
    <ClInclude Include="..\..\code\zlib\inffixed.h">
      <Filter>Header Files\zlib</Filter>
    </ClInclude>
    <ClInclude Include="..\..\code\zlib\inflate.h">
      <Filter>Header Files\zlib</Filter>
    </ClInclude>
    <ClInclude Include="..\..\code\zlib\inftrees.h">
      <Filter>Header Files\zlib</Filter>
    </ClInclude>
    <ClInclude Include="..\..\code\zlib\zconf.h">
      <Filter>Header Files\zlib</Filter>
    </ClInclude>
    <ClInclude Include="..\..\code\zlib\zlib.h">
      <Filter>Header Files\zlib</Filter>
    </ClInclude>
    <ClInclude Include="..\..\code\zlib\zutil.h">
      <Filter>Header Files\zlib</Filter>
    </ClInclude>
    <ClInclude Include="..\..\code\libspeex\include\speex\speex_header.h">
      <Filter>Header Files\libspeex\include\speex</Filter>
    </ClInclude>
    <ClInclude Include="..\..\code\libspeex\include\speex\speex_jitter.h">
      <Filter>Header Files\libspeex\include\speex</Filter>
    </ClInclude>
    <ClInclude Include="..\..\code\libspeex\include\speex\speex_preprocess.h">
      <Filter>Header Files\libspeex\include\speex</Filter>
    </ClInclude>
    <ClInclude Include="..\..\code\libspeex\include\speex\speex_resampler.h">
      <Filter>Header Files\libspeex\include\speex</Filter>
    </ClInclude>
    <ClInclude Include="..\..\code\libspeex\include\speex\speex_stereo.h">
      <Filter>Header Files\libspeex\include\speex</Filter>
    </ClInclude>
    <ClInclude Include="..\..\code\libspeex\include\speex\speex_types.h">
      <Filter>Header Files\libspeex\include\speex</Filter>
    </ClInclude>
    <ClInclude Include="..\..\code\libspeex\include\speex\speex.h">
      <Filter>Header Files\libspeex\include\speex</Filter>
    </ClInclude>
    <ClInclude Include="..\..\code\libspeex\include\speex\speex_bits.h">
      <Filter>Header Files\libspeex\include\speex</Filter>
    </ClInclude>
    <ClInclude Include="..\..\code\libspeex\include\speex\speex_buffer.h">
      <Filter>Header Files\libspeex\include\speex</Filter>
    </ClInclude>
    <ClInclude Include="..\..\code\libspeex\include\speex\speex_callbacks.h">
      <Filter>Header Files\libspeex\include\speex</Filter>
    </ClInclude>
    <ClInclude Include="..\..\code\libspeex\include\speex\speex_config_types.h">
      <Filter>Header Files\libspeex\include\speex</Filter>
    </ClInclude>
    <ClInclude Include="..\..\code\libspeex\include\speex\speex_echo.h">
      <Filter>Header Files\libspeex\include\speex</Filter>
    </ClInclude>
  </ItemGroup>
  <ItemGroup>
    <None Include="RPGXEFDevPrivateKey.ppk" />
    <None Include="commandsxming" />
    <None Include="commandsvm" />
  </ItemGroup>
  <ItemGroup>
    <Text Include="howto.txt" />
  </ItemGroup>
  <ItemGroup>
    <Xml Include="GDBXming.xml" />
    <Xml Include="GDBVM.xml" />
  </ItemGroup>
  <ItemGroup>
    <ClCompile Include="..\..\code\asm\ftola.c">
      <Filter>Source Files\asm</Filter>
    </ClCompile>
    <ClCompile Include="..\..\code\asm\snapvector.c">
      <Filter>Source Files\asm</Filter>
    </ClCompile>
    <ClCompile Include="..\..\code\botlib\l_memory.c">
      <Filter>Source Files\botlib</Filter>
    </ClCompile>
    <ClCompile Include="..\..\code\botlib\l_precomp.c">
      <Filter>Source Files\botlib</Filter>
    </ClCompile>
    <ClCompile Include="..\..\code\botlib\l_script.c">
      <Filter>Source Files\botlib</Filter>
    </ClCompile>
    <ClCompile Include="..\..\code\botlib\l_struct.c">
      <Filter>Source Files\botlib</Filter>
    </ClCompile>
    <ClCompile Include="..\..\code\botlib\be_aas_bspq3.c">
      <Filter>Source Files\botlib</Filter>
    </ClCompile>
    <ClCompile Include="..\..\code\botlib\be_aas_cluster.c">
      <Filter>Source Files\botlib</Filter>
    </ClCompile>
    <ClCompile Include="..\..\code\botlib\be_aas_debug.c">
      <Filter>Source Files\botlib</Filter>
    </ClCompile>
    <ClCompile Include="..\..\code\botlib\be_aas_entity.c">
      <Filter>Source Files\botlib</Filter>
    </ClCompile>
    <ClCompile Include="..\..\code\botlib\be_aas_file.c">
      <Filter>Source Files\botlib</Filter>
    </ClCompile>
    <ClCompile Include="..\..\code\botlib\be_aas_main.c">
      <Filter>Source Files\botlib</Filter>
    </ClCompile>
    <ClCompile Include="..\..\code\botlib\be_aas_move.c">
      <Filter>Source Files\botlib</Filter>
    </ClCompile>
    <ClCompile Include="..\..\code\botlib\be_aas_optimize.c">
      <Filter>Source Files\botlib</Filter>
    </ClCompile>
    <ClCompile Include="..\..\code\botlib\be_aas_reach.c">
      <Filter>Source Files\botlib</Filter>
    </ClCompile>
    <ClCompile Include="..\..\code\botlib\be_aas_route.c">
      <Filter>Source Files\botlib</Filter>
    </ClCompile>
    <ClCompile Include="..\..\code\botlib\be_aas_routealt.c">
      <Filter>Source Files\botlib</Filter>
    </ClCompile>
    <ClCompile Include="..\..\code\botlib\be_aas_sample.c">
      <Filter>Source Files\botlib</Filter>
    </ClCompile>
    <ClCompile Include="..\..\code\botlib\be_ai_char.c">
      <Filter>Source Files\botlib</Filter>
    </ClCompile>
    <ClCompile Include="..\..\code\botlib\be_ai_chat.c">
      <Filter>Source Files\botlib</Filter>
    </ClCompile>
    <ClCompile Include="..\..\code\botlib\be_ai_gen.c">
      <Filter>Source Files\botlib</Filter>
    </ClCompile>
    <ClCompile Include="..\..\code\botlib\be_ai_goal.c">
      <Filter>Source Files\botlib</Filter>
    </ClCompile>
    <ClCompile Include="..\..\code\botlib\be_ai_move.c">
      <Filter>Source Files\botlib</Filter>
    </ClCompile>
    <ClCompile Include="..\..\code\botlib\be_ai_weap.c">
      <Filter>Source Files\botlib</Filter>
    </ClCompile>
    <ClCompile Include="..\..\code\botlib\be_ai_weight.c">
      <Filter>Source Files\botlib</Filter>
    </ClCompile>
    <ClCompile Include="..\..\code\botlib\be_ea.c">
      <Filter>Source Files\botlib</Filter>
    </ClCompile>
    <ClCompile Include="..\..\code\botlib\be_interface.c">
      <Filter>Source Files\botlib</Filter>
    </ClCompile>
    <ClCompile Include="..\..\code\botlib\l_crc.c">
      <Filter>Source Files\botlib</Filter>
    </ClCompile>
    <ClCompile Include="..\..\code\botlib\l_libvar.c">
      <Filter>Source Files\botlib</Filter>
    </ClCompile>
    <ClCompile Include="..\..\code\botlib\l_log.c">
      <Filter>Source Files\botlib</Filter>
    </ClCompile>
    <ClCompile Include="..\..\code\cgame\fx_tetrion.c">
      <Filter>Source Files\cgame</Filter>
    </ClCompile>
    <ClCompile Include="..\..\code\cgame\fx_transporter.c">
      <Filter>Source Files\cgame</Filter>
    </ClCompile>
    <ClCompile Include="..\..\code\cgame\list.c">
      <Filter>Source Files\cgame</Filter>
    </ClCompile>
    <ClCompile Include="..\..\code\cgame\lua_cent.c">
      <Filter>Source Files\cgame</Filter>
    </ClCompile>
    <ClCompile Include="..\..\code\cgame\lua_cfx.c">
      <Filter>Source Files\cgame</Filter>
    </ClCompile>
    <ClCompile Include="..\..\code\cgame\lua_refent.c">
      <Filter>Source Files\cgame</Filter>
    </ClCompile>
    <ClCompile Include="..\..\code\cgame\cg_consolecmds.c">
      <Filter>Source Files\cgame</Filter>
    </ClCompile>
    <ClCompile Include="..\..\code\cgame\cg_draw.c">
      <Filter>Source Files\cgame</Filter>
    </ClCompile>
    <ClCompile Include="..\..\code\cgame\cg_drawtools.c">
      <Filter>Source Files\cgame</Filter>
    </ClCompile>
    <ClCompile Include="..\..\code\cgame\cg_effects.c">
      <Filter>Source Files\cgame</Filter>
    </ClCompile>
    <ClCompile Include="..\..\code\cgame\cg_ents.c">
      <Filter>Source Files\cgame</Filter>
    </ClCompile>
    <ClCompile Include="..\..\code\cgame\cg_env.c">
      <Filter>Source Files\cgame</Filter>
    </ClCompile>
    <ClCompile Include="..\..\code\cgame\cg_event.c">
      <Filter>Source Files\cgame</Filter>
    </ClCompile>
    <ClCompile Include="..\..\code\cgame\cg_info.c">
      <Filter>Source Files\cgame</Filter>
    </ClCompile>
    <ClCompile Include="..\..\code\cgame\cg_lensflares.c">
      <Filter>Source Files\cgame</Filter>
    </ClCompile>
    <ClCompile Include="..\..\code\cgame\cg_localents.c">
      <Filter>Source Files\cgame</Filter>
    </ClCompile>
    <ClCompile Include="..\..\code\cgame\cg_lua.c">
      <Filter>Source Files\cgame</Filter>
    </ClCompile>
    <ClCompile Include="..\..\code\cgame\cg_main.c">
      <Filter>Source Files\cgame</Filter>
    </ClCompile>
    <ClCompile Include="..\..\code\cgame\cg_marks.c">
      <Filter>Source Files\cgame</Filter>
    </ClCompile>
    <ClCompile Include="..\..\code\cgame\cg_motionblur.c">
      <Filter>Source Files\cgame</Filter>
    </ClCompile>
    <ClCompile Include="..\..\code\cgame\cg_players.c">
      <Filter>Source Files\cgame</Filter>
    </ClCompile>
    <ClCompile Include="..\..\code\cgame\cg_playerstate.c">
      <Filter>Source Files\cgame</Filter>
    </ClCompile>
    <ClCompile Include="..\..\code\cgame\cg_predict.c">
      <Filter>Source Files\cgame</Filter>
    </ClCompile>
    <ClCompile Include="..\..\code\cgame\cg_scoreboard.c">
      <Filter>Source Files\cgame</Filter>
    </ClCompile>
    <ClCompile Include="..\..\code\cgame\cg_screenfx.c">
      <Filter>Source Files\cgame</Filter>
    </ClCompile>
    <ClCompile Include="..\..\code\cgame\cg_servercmds.c">
      <Filter>Source Files\cgame</Filter>
    </ClCompile>
    <ClCompile Include="..\..\code\cgame\cg_snapshot.c">
      <Filter>Source Files\cgame</Filter>
    </ClCompile>
    <ClCompile Include="..\..\code\cgame\cg_syscalls.c">
      <Filter>Source Files\cgame</Filter>
    </ClCompile>
    <ClCompile Include="..\..\code\cgame\cg_view.c">
      <Filter>Source Files\cgame</Filter>
    </ClCompile>
    <ClCompile Include="..\..\code\cgame\cg_weapons.c">
      <Filter>Source Files\cgame</Filter>
    </ClCompile>
    <ClCompile Include="..\..\code\cgame\fx_compression.c">
      <Filter>Source Files\cgame</Filter>
    </ClCompile>
    <ClCompile Include="..\..\code\cgame\fx_disruptor.c">
      <Filter>Source Files\cgame</Filter>
    </ClCompile>
    <ClCompile Include="..\..\code\cgame\fx_grenade.c">
      <Filter>Source Files\cgame</Filter>
    </ClCompile>
    <ClCompile Include="..\..\code\cgame\fx_hypospray.c">
      <Filter>Source Files\cgame</Filter>
    </ClCompile>
    <ClCompile Include="..\..\code\cgame\fx_item.c">
      <Filter>Source Files\cgame</Filter>
    </ClCompile>
    <ClCompile Include="..\..\code\cgame\fx_lib.c">
      <Filter>Source Files\cgame</Filter>
    </ClCompile>
    <ClCompile Include="..\..\code\cgame\fx_misc.c">
      <Filter>Source Files\cgame</Filter>
    </ClCompile>
    <ClCompile Include="..\..\code\cgame\fx_phaser.c">
      <Filter>Source Files\cgame</Filter>
    </ClCompile>
    <ClCompile Include="..\..\code\cgame\fx_quantum.c">
      <Filter>Source Files\cgame</Filter>
    </ClCompile>
    <ClCompile Include="..\..\code\client\libmumblelink.c">
      <Filter>Source Files\client</Filter>
    </ClCompile>
    <ClCompile Include="..\..\code\client\qal.c">
      <Filter>Source Files\client</Filter>
    </ClCompile>
    <ClCompile Include="..\..\code\client\snd_adpcm.c">
      <Filter>Source Files\client</Filter>
    </ClCompile>
    <ClCompile Include="..\..\code\client\snd_codec.c">
      <Filter>Source Files\client</Filter>
    </ClCompile>
    <ClCompile Include="..\..\code\client\snd_codec_mp3.c">
      <Filter>Source Files\client</Filter>
    </ClCompile>
    <ClCompile Include="..\..\code\client\snd_codec_ogg.c">
      <Filter>Source Files\client</Filter>
    </ClCompile>
    <ClCompile Include="..\..\code\client\snd_codec_wav.c">
      <Filter>Source Files\client</Filter>
    </ClCompile>
    <ClCompile Include="..\..\code\client\snd_dma.c">
      <Filter>Source Files\client</Filter>
    </ClCompile>
    <ClCompile Include="..\..\code\client\snd_main.c">
      <Filter>Source Files\client</Filter>
    </ClCompile>
    <ClCompile Include="..\..\code\client\snd_mem.c">
      <Filter>Source Files\client</Filter>
    </ClCompile>
    <ClCompile Include="..\..\code\client\snd_mix.c">
      <Filter>Source Files\client</Filter>
    </ClCompile>
    <ClCompile Include="..\..\code\client\snd_openal.c">
      <Filter>Source Files\client</Filter>
    </ClCompile>
    <ClCompile Include="..\..\code\client\snd_wavelet.c">
      <Filter>Source Files\client</Filter>
    </ClCompile>
    <ClCompile Include="..\..\code\client\cl_avi.c">
      <Filter>Source Files\client</Filter>
    </ClCompile>
    <ClCompile Include="..\..\code\client\cl_cgame.c">
      <Filter>Source Files\client</Filter>
    </ClCompile>
    <ClCompile Include="..\..\code\client\cl_cin.c">
      <Filter>Source Files\client</Filter>
    </ClCompile>
    <ClCompile Include="..\..\code\client\cl_console.c">
      <Filter>Source Files\client</Filter>
    </ClCompile>
    <ClCompile Include="..\..\code\client\cl_curl.c">
      <Filter>Source Files\client</Filter>
    </ClCompile>
    <ClCompile Include="..\..\code\client\cl_input.c">
      <Filter>Source Files\client</Filter>
    </ClCompile>
    <ClCompile Include="..\..\code\client\cl_keys.c">
      <Filter>Source Files\client</Filter>
    </ClCompile>
    <ClCompile Include="..\..\code\client\cl_main.c">
      <Filter>Source Files\client</Filter>
    </ClCompile>
    <ClCompile Include="..\..\code\client\cl_net_chan.c">
      <Filter>Source Files\client</Filter>
    </ClCompile>
    <ClCompile Include="..\..\code\client\cl_parse.c">
      <Filter>Source Files\client</Filter>
    </ClCompile>
    <ClCompile Include="..\..\code\client\cl_scrn.c">
      <Filter>Source Files\client</Filter>
    </ClCompile>
    <ClCompile Include="..\..\code\client\cl_ui.c">
      <Filter>Source Files\client</Filter>
    </ClCompile>
    <ClCompile Include="..\..\code\game\q_shared.c">
      <Filter>Source Files\game</Filter>
    </ClCompile>
    <ClCompile Include="..\..\code\game\reds_bg_misc.c">
      <Filter>Source Files\game</Filter>
    </ClCompile>
    <ClCompile Include="..\..\code\game\sqlite3.c">
      <Filter>Source Files\game</Filter>
    </ClCompile>
    <ClCompile Include="..\..\code\game\tims_bg_misc.c">
      <Filter>Source Files\game</Filter>
    </ClCompile>
    <ClCompile Include="..\..\code\game\ai_chat.c">
      <Filter>Source Files\game</Filter>
    </ClCompile>
    <ClCompile Include="..\..\code\game\ai_cmd.c">
      <Filter>Source Files\game</Filter>
    </ClCompile>
    <ClCompile Include="..\..\code\game\ai_dmnet.c">
      <Filter>Source Files\game</Filter>
    </ClCompile>
    <ClCompile Include="..\..\code\game\ai_dmq3.c">
      <Filter>Source Files\game</Filter>
    </ClCompile>
    <ClCompile Include="..\..\code\game\ai_main.c">
      <Filter>Source Files\game</Filter>
    </ClCompile>
    <ClCompile Include="..\..\code\game\ai_team.c">
      <Filter>Source Files\game</Filter>
    </ClCompile>
    <ClCompile Include="..\..\code\game\bg_lib.c">
      <Filter>Source Files\game</Filter>
    </ClCompile>
    <ClCompile Include="..\..\code\game\bg_misc.c">
      <Filter>Source Files\game</Filter>
    </ClCompile>
    <ClCompile Include="..\..\code\game\bg_oums.c">
      <Filter>Source Files\game</Filter>
    </ClCompile>
    <ClCompile Include="..\..\code\game\bg_panimate.c">
      <Filter>Source Files\game</Filter>
    </ClCompile>
    <ClCompile Include="..\..\code\game\bg_pmove.c">
      <Filter>Source Files\game</Filter>
    </ClCompile>
    <ClCompile Include="..\..\code\game\bg_slidemove.c">
      <Filter>Source Files\game</Filter>
    </ClCompile>
    <ClCompile Include="..\..\code\game\fx_misc.c">
      <Filter>Source Files\game</Filter>
    </ClCompile>
    <ClCompile Include="..\..\code\game\g_active.c">
      <Filter>Source Files\game</Filter>
    </ClCompile>
    <ClCompile Include="..\..\code\game\g_arenas.c">
      <Filter>Source Files\game</Filter>
    </ClCompile>
    <ClCompile Include="..\..\code\game\g_bot.c">
      <Filter>Source Files\game</Filter>
    </ClCompile>
    <ClCompile Include="..\..\code\game\g_breakable.c">
      <Filter>Source Files\game</Filter>
    </ClCompile>
    <ClCompile Include="..\..\code\game\g_cinematic.c">
      <Filter>Source Files\game</Filter>
    </ClCompile>
    <ClCompile Include="..\..\code\game\g_client.c">
      <Filter>Source Files\game</Filter>
    </ClCompile>
    <ClCompile Include="..\..\code\game\g_cmds.c">
      <Filter>Source Files\game</Filter>
    </ClCompile>
    <ClCompile Include="..\..\code\game\g_combat.c">
      <Filter>Source Files\game</Filter>
    </ClCompile>
    <ClCompile Include="..\..\code\game\g_fx.c">
      <Filter>Source Files\game</Filter>
    </ClCompile>
    <ClCompile Include="..\..\code\game\g_items.c">
      <Filter>Source Files\game</Filter>
    </ClCompile>
    <ClCompile Include="..\..\code\game\g_log.c">
      <Filter>Source Files\game</Filter>
    </ClCompile>
    <ClCompile Include="..\..\code\game\g_lua.c">
      <Filter>Source Files\game</Filter>
    </ClCompile>
    <ClCompile Include="..\..\code\game\g_main.c">
      <Filter>Source Files\game</Filter>
    </ClCompile>
    <ClCompile Include="..\..\code\game\g_mem.c">
      <Filter>Source Files\game</Filter>
    </ClCompile>
    <ClCompile Include="..\..\code\game\g_misc.c">
      <Filter>Source Files\game</Filter>
    </ClCompile>
    <ClCompile Include="..\..\code\game\g_missile.c">
      <Filter>Source Files\game</Filter>
    </ClCompile>
    <ClCompile Include="..\..\code\game\g_mover.c">
      <Filter>Source Files\game</Filter>
    </ClCompile>
    <ClCompile Include="..\..\code\game\g_session.c">
      <Filter>Source Files\game</Filter>
    </ClCompile>
    <ClCompile Include="..\..\code\game\g_spawn.c">
      <Filter>Source Files\game</Filter>
    </ClCompile>
    <ClCompile Include="..\..\code\game\g_sql.c">
      <Filter>Source Files\game</Filter>
    </ClCompile>
    <ClCompile Include="..\..\code\game\g_svcmds.c">
      <Filter>Source Files\game</Filter>
    </ClCompile>
    <ClCompile Include="..\..\code\game\g_syscalls.c">
      <Filter>Source Files\game</Filter>
    </ClCompile>
    <ClCompile Include="..\..\code\game\g_target.c">
      <Filter>Source Files\game</Filter>
    </ClCompile>
    <ClCompile Include="..\..\code\game\g_team.c">
      <Filter>Source Files\game</Filter>
    </ClCompile>
    <ClCompile Include="..\..\code\game\g_trigger.c">
      <Filter>Source Files\game</Filter>
    </ClCompile>
    <ClCompile Include="..\..\code\game\g_turrets.c">
      <Filter>Source Files\game</Filter>
    </ClCompile>
    <ClCompile Include="..\..\code\game\g_ui.c">
      <Filter>Source Files\game</Filter>
    </ClCompile>
    <ClCompile Include="..\..\code\game\g_usable.c">
      <Filter>Source Files\game</Filter>
    </ClCompile>
    <ClCompile Include="..\..\code\game\g_utils.c">
      <Filter>Source Files\game</Filter>
    </ClCompile>
    <ClCompile Include="..\..\code\game\g_weapon.c">
      <Filter>Source Files\game</Filter>
    </ClCompile>
    <ClCompile Include="..\..\code\game\g_xml.c">
      <Filter>Source Files\game</Filter>
    </ClCompile>
    <ClCompile Include="..\..\code\game\lapi.c">
      <Filter>Source Files\game</Filter>
    </ClCompile>
    <ClCompile Include="..\..\code\game\lauxlib.c">
      <Filter>Source Files\game</Filter>
    </ClCompile>
    <ClCompile Include="..\..\code\game\lbaselib.c">
      <Filter>Source Files\game</Filter>
    </ClCompile>
    <ClCompile Include="..\..\code\game\lbitlib.c">
      <Filter>Source Files\game</Filter>
    </ClCompile>
    <ClCompile Include="..\..\code\game\lcode.c">
      <Filter>Source Files\game</Filter>
    </ClCompile>
    <ClCompile Include="..\..\code\game\lcorolib.c">
      <Filter>Source Files\game</Filter>
    </ClCompile>
    <ClCompile Include="..\..\code\game\lctype.c">
      <Filter>Source Files\game</Filter>
    </ClCompile>
    <ClCompile Include="..\..\code\game\ldblib.c">
      <Filter>Source Files\game</Filter>
    </ClCompile>
    <ClCompile Include="..\..\code\game\ldebug.c">
      <Filter>Source Files\game</Filter>
    </ClCompile>
    <ClCompile Include="..\..\code\game\ldo.c">
      <Filter>Source Files\game</Filter>
    </ClCompile>
    <ClCompile Include="..\..\code\game\ldump.c">
      <Filter>Source Files\game</Filter>
    </ClCompile>
    <ClCompile Include="..\..\code\game\lfunc.c">
      <Filter>Source Files\game</Filter>
    </ClCompile>
    <ClCompile Include="..\..\code\game\lgc.c">
      <Filter>Source Files\game</Filter>
    </ClCompile>
    <ClCompile Include="..\..\code\game\linit.c">
      <Filter>Source Files\game</Filter>
    </ClCompile>
    <ClCompile Include="..\..\code\game\liolib.c">
      <Filter>Source Files\game</Filter>
    </ClCompile>
    <ClCompile Include="..\..\code\game\list.c">
      <Filter>Source Files\game</Filter>
    </ClCompile>
    <ClCompile Include="..\..\code\game\llex.c">
      <Filter>Source Files\game</Filter>
    </ClCompile>
    <ClCompile Include="..\..\code\game\lmathlib.c">
      <Filter>Source Files\game</Filter>
    </ClCompile>
    <ClCompile Include="..\..\code\game\lmem.c">
      <Filter>Source Files\game</Filter>
    </ClCompile>
    <ClCompile Include="..\..\code\game\loadlib.c">
      <Filter>Source Files\game</Filter>
    </ClCompile>
    <ClCompile Include="..\..\code\game\lobject.c">
      <Filter>Source Files\game</Filter>
    </ClCompile>
    <ClCompile Include="..\..\code\game\lopcodes.c">
      <Filter>Source Files\game</Filter>
    </ClCompile>
    <ClCompile Include="..\..\code\game\loslib.c">
      <Filter>Source Files\game</Filter>
    </ClCompile>
    <ClCompile Include="..\..\code\game\lparser.c">
      <Filter>Source Files\game</Filter>
    </ClCompile>
    <ClCompile Include="..\..\code\game\lstate.c">
      <Filter>Source Files\game</Filter>
    </ClCompile>
    <ClCompile Include="..\..\code\game\lstring.c">
      <Filter>Source Files\game</Filter>
    </ClCompile>
    <ClCompile Include="..\..\code\game\lstrlib.c">
      <Filter>Source Files\game</Filter>
    </ClCompile>
    <ClCompile Include="..\..\code\game\ltable.c">
      <Filter>Source Files\game</Filter>
    </ClCompile>
    <ClCompile Include="..\..\code\game\ltablib.c">
      <Filter>Source Files\game</Filter>
    </ClCompile>
    <ClCompile Include="..\..\code\game\ltm.c">
      <Filter>Source Files\game</Filter>
    </ClCompile>
    <ClCompile Include="..\..\code\game\lua_cinematic.c">
      <Filter>Source Files\game</Filter>
    </ClCompile>
    <ClCompile Include="..\..\code\game\lua_cvar.c">
      <Filter>Source Files\game</Filter>
    </ClCompile>
    <ClCompile Include="..\..\code\game\lua_entity.c">
      <Filter>Source Files\game</Filter>
    </ClCompile>
    <ClCompile Include="..\..\code\game\lua_game.c">
      <Filter>Source Files\game</Filter>
    </ClCompile>
    <ClCompile Include="..\..\code\game\lua_mover.c">
      <Filter>Source Files\game</Filter>
    </ClCompile>
    <ClCompile Include="..\..\code\game\lua_qmath.c">
      <Filter>Source Files\game</Filter>
    </ClCompile>
    <ClCompile Include="..\..\code\game\lua_sound.c">
      <Filter>Source Files\game</Filter>
    </ClCompile>
    <ClCompile Include="..\..\code\game\lua_trace.c">
      <Filter>Source Files\game</Filter>
    </ClCompile>
    <ClCompile Include="..\..\code\game\lua_vector.c">
      <Filter>Source Files\game</Filter>
    </ClCompile>
    <ClCompile Include="..\..\code\game\lua_weapons.c">
      <Filter>Source Files\game</Filter>
    </ClCompile>
    <ClCompile Include="..\..\code\game\lundump.c">
      <Filter>Source Files\game</Filter>
    </ClCompile>
    <ClCompile Include="..\..\code\game\lvm.c">
      <Filter>Source Files\game</Filter>
    </ClCompile>
    <ClCompile Include="..\..\code\game\lzio.c">
      <Filter>Source Files\game</Filter>
    </ClCompile>
    <ClCompile Include="..\..\code\game\md5.c">
      <Filter>Source Files\game</Filter>
    </ClCompile>
    <ClCompile Include="..\..\code\game\q_math.c">
      <Filter>Source Files\game</Filter>
    </ClCompile>
    <ClCompile Include="..\..\code\jpeg-8c\jfdctint.c">
      <Filter>Source Files\jpeg-8c</Filter>
    </ClCompile>
    <ClCompile Include="..\..\code\jpeg-8c\jidctflt.c">
      <Filter>Source Files\jpeg-8c</Filter>
    </ClCompile>
    <ClCompile Include="..\..\code\jpeg-8c\jidctfst.c">
      <Filter>Source Files\jpeg-8c</Filter>
    </ClCompile>
    <ClCompile Include="..\..\code\jpeg-8c\jidctint.c">
      <Filter>Source Files\jpeg-8c</Filter>
    </ClCompile>
    <ClCompile Include="..\..\code\jpeg-8c\jmemmgr.c">
      <Filter>Source Files\jpeg-8c</Filter>
    </ClCompile>
    <ClCompile Include="..\..\code\jpeg-8c\jmemnobs.c">
      <Filter>Source Files\jpeg-8c</Filter>
    </ClCompile>
    <ClCompile Include="..\..\code\jpeg-8c\jquant1.c">
      <Filter>Source Files\jpeg-8c</Filter>
    </ClCompile>
    <ClCompile Include="..\..\code\jpeg-8c\jquant2.c">
      <Filter>Source Files\jpeg-8c</Filter>
    </ClCompile>
    <ClCompile Include="..\..\code\jpeg-8c\jutils.c">
      <Filter>Source Files\jpeg-8c</Filter>
    </ClCompile>
    <ClCompile Include="..\..\code\jpeg-8c\jaricom.c">
      <Filter>Source Files\jpeg-8c</Filter>
    </ClCompile>
    <ClCompile Include="..\..\code\jpeg-8c\jcapimin.c">
      <Filter>Source Files\jpeg-8c</Filter>
    </ClCompile>
    <ClCompile Include="..\..\code\jpeg-8c\jcapistd.c">
      <Filter>Source Files\jpeg-8c</Filter>
    </ClCompile>
    <ClCompile Include="..\..\code\jpeg-8c\jcarith.c">
      <Filter>Source Files\jpeg-8c</Filter>
    </ClCompile>
    <ClCompile Include="..\..\code\jpeg-8c\jccoefct.c">
      <Filter>Source Files\jpeg-8c</Filter>
    </ClCompile>
    <ClCompile Include="..\..\code\jpeg-8c\jccolor.c">
      <Filter>Source Files\jpeg-8c</Filter>
    </ClCompile>
    <ClCompile Include="..\..\code\jpeg-8c\jcdctmgr.c">
      <Filter>Source Files\jpeg-8c</Filter>
    </ClCompile>
    <ClCompile Include="..\..\code\jpeg-8c\jchuff.c">
      <Filter>Source Files\jpeg-8c</Filter>
    </ClCompile>
    <ClCompile Include="..\..\code\jpeg-8c\jcinit.c">
      <Filter>Source Files\jpeg-8c</Filter>
    </ClCompile>
    <ClCompile Include="..\..\code\jpeg-8c\jcmainct.c">
      <Filter>Source Files\jpeg-8c</Filter>
    </ClCompile>
    <ClCompile Include="..\..\code\jpeg-8c\jcmarker.c">
      <Filter>Source Files\jpeg-8c</Filter>
    </ClCompile>
    <ClCompile Include="..\..\code\jpeg-8c\jcmaster.c">
      <Filter>Source Files\jpeg-8c</Filter>
    </ClCompile>
    <ClCompile Include="..\..\code\jpeg-8c\jcomapi.c">
      <Filter>Source Files\jpeg-8c</Filter>
    </ClCompile>
    <ClCompile Include="..\..\code\jpeg-8c\jcparam.c">
      <Filter>Source Files\jpeg-8c</Filter>
    </ClCompile>
    <ClCompile Include="..\..\code\jpeg-8c\jcprepct.c">
      <Filter>Source Files\jpeg-8c</Filter>
    </ClCompile>
    <ClCompile Include="..\..\code\jpeg-8c\jcsample.c">
      <Filter>Source Files\jpeg-8c</Filter>
    </ClCompile>
    <ClCompile Include="..\..\code\jpeg-8c\jctrans.c">
      <Filter>Source Files\jpeg-8c</Filter>
    </ClCompile>
    <ClCompile Include="..\..\code\jpeg-8c\jdapimin.c">
      <Filter>Source Files\jpeg-8c</Filter>
    </ClCompile>
    <ClCompile Include="..\..\code\jpeg-8c\jdapistd.c">
      <Filter>Source Files\jpeg-8c</Filter>
    </ClCompile>
    <ClCompile Include="..\..\code\jpeg-8c\jdarith.c">
      <Filter>Source Files\jpeg-8c</Filter>
    </ClCompile>
    <ClCompile Include="..\..\code\jpeg-8c\jdatadst.c">
      <Filter>Source Files\jpeg-8c</Filter>
    </ClCompile>
    <ClCompile Include="..\..\code\jpeg-8c\jdatasrc.c">
      <Filter>Source Files\jpeg-8c</Filter>
    </ClCompile>
    <ClCompile Include="..\..\code\jpeg-8c\jdcoefct.c">
      <Filter>Source Files\jpeg-8c</Filter>
    </ClCompile>
    <ClCompile Include="..\..\code\jpeg-8c\jdcolor.c">
      <Filter>Source Files\jpeg-8c</Filter>
    </ClCompile>
    <ClCompile Include="..\..\code\jpeg-8c\jddctmgr.c">
      <Filter>Source Files\jpeg-8c</Filter>
    </ClCompile>
    <ClCompile Include="..\..\code\jpeg-8c\jdhuff.c">
      <Filter>Source Files\jpeg-8c</Filter>
    </ClCompile>
    <ClCompile Include="..\..\code\jpeg-8c\jdinput.c">
      <Filter>Source Files\jpeg-8c</Filter>
    </ClCompile>
    <ClCompile Include="..\..\code\jpeg-8c\jdmainct.c">
      <Filter>Source Files\jpeg-8c</Filter>
    </ClCompile>
    <ClCompile Include="..\..\code\jpeg-8c\jdmarker.c">
      <Filter>Source Files\jpeg-8c</Filter>
    </ClCompile>
    <ClCompile Include="..\..\code\jpeg-8c\jdmaster.c">
      <Filter>Source Files\jpeg-8c</Filter>
    </ClCompile>
    <ClCompile Include="..\..\code\jpeg-8c\jdmerge.c">
      <Filter>Source Files\jpeg-8c</Filter>
    </ClCompile>
    <ClCompile Include="..\..\code\jpeg-8c\jdpostct.c">
      <Filter>Source Files\jpeg-8c</Filter>
    </ClCompile>
    <ClCompile Include="..\..\code\jpeg-8c\jdsample.c">
      <Filter>Source Files\jpeg-8c</Filter>
    </ClCompile>
    <ClCompile Include="..\..\code\jpeg-8c\jdtrans.c">
      <Filter>Source Files\jpeg-8c</Filter>
    </ClCompile>
    <ClCompile Include="..\..\code\jpeg-8c\jerror.c">
      <Filter>Source Files\jpeg-8c</Filter>
    </ClCompile>
    <ClCompile Include="..\..\code\jpeg-8c\jfdctflt.c">
      <Filter>Source Files\jpeg-8c</Filter>
    </ClCompile>
    <ClCompile Include="..\..\code\jpeg-8c\jfdctfst.c">
      <Filter>Source Files\jpeg-8c</Filter>
    </ClCompile>
    <ClCompile Include="..\..\code\null\null_main.c">
      <Filter>Source Files\null</Filter>
    </ClCompile>
    <ClCompile Include="..\..\code\null\null_net.c">
      <Filter>Source Files\null</Filter>
    </ClCompile>
    <ClCompile Include="..\..\code\null\null_snddma.c">
      <Filter>Source Files\null</Filter>
    </ClCompile>
    <ClCompile Include="..\..\code\null\mac_net.c">
      <Filter>Source Files\null</Filter>
    </ClCompile>
    <ClCompile Include="..\..\code\null\null_client.c">
      <Filter>Source Files\null</Filter>
    </ClCompile>
    <ClCompile Include="..\..\code\null\null_glimp.c">
      <Filter>Source Files\null</Filter>
    </ClCompile>
    <ClCompile Include="..\..\code\null\null_input.c">
      <Filter>Source Files\null</Filter>
    </ClCompile>
    <ClCompile Include="..\..\code\qcommon\vm_interpreted.c">
      <Filter>Source Files\qcommon</Filter>
    </ClCompile>
    <ClCompile Include="..\..\code\qcommon\vm_none.c">
      <Filter>Source Files\qcommon</Filter>
    </ClCompile>
    <ClCompile Include="..\..\code\qcommon\vm_powerpc.c">
      <Filter>Source Files\qcommon</Filter>
    </ClCompile>
    <ClCompile Include="..\..\code\qcommon\vm_powerpc_asm.c">
      <Filter>Source Files\qcommon</Filter>
    </ClCompile>
    <ClCompile Include="..\..\code\qcommon\vm_sparc.c">
      <Filter>Source Files\qcommon</Filter>
    </ClCompile>
    <ClCompile Include="..\..\code\qcommon\vm_x86.c">
      <Filter>Source Files\qcommon</Filter>
    </ClCompile>
    <ClCompile Include="..\..\code\qcommon\vm_x86_64.c">
      <Filter>Source Files\qcommon</Filter>
    </ClCompile>
    <ClCompile Include="..\..\code\qcommon\vm_x86_64_assembler.c">
      <Filter>Source Files\qcommon</Filter>
    </ClCompile>
    <ClCompile Include="..\..\code\qcommon\cm_load.c">
      <Filter>Source Files\qcommon</Filter>
    </ClCompile>
    <ClCompile Include="..\..\code\qcommon\cm_patch.c">
      <Filter>Source Files\qcommon</Filter>
    </ClCompile>
    <ClCompile Include="..\..\code\qcommon\cm_polylib.c">
      <Filter>Source Files\qcommon</Filter>
    </ClCompile>
    <ClCompile Include="..\..\code\qcommon\cm_test.c">
      <Filter>Source Files\qcommon</Filter>
    </ClCompile>
    <ClCompile Include="..\..\code\qcommon\cm_trace.c">
      <Filter>Source Files\qcommon</Filter>
    </ClCompile>
    <ClCompile Include="..\..\code\qcommon\cmd.c">
      <Filter>Source Files\qcommon</Filter>
    </ClCompile>
    <ClCompile Include="..\..\code\qcommon\common.c">
      <Filter>Source Files\qcommon</Filter>
    </ClCompile>
    <ClCompile Include="..\..\code\qcommon\cvar.c">
      <Filter>Source Files\qcommon</Filter>
    </ClCompile>
    <ClCompile Include="..\..\code\qcommon\files.c">
      <Filter>Source Files\qcommon</Filter>
    </ClCompile>
    <ClCompile Include="..\..\code\qcommon\huffman.c">
      <Filter>Source Files\qcommon</Filter>
    </ClCompile>
    <ClCompile Include="..\..\code\qcommon\ioapi.c">
      <Filter>Source Files\qcommon</Filter>
    </ClCompile>
    <ClCompile Include="..\..\code\qcommon\md4.c">
      <Filter>Source Files\qcommon</Filter>
    </ClCompile>
    <ClCompile Include="..\..\code\qcommon\md5.c">
      <Filter>Source Files\qcommon</Filter>
    </ClCompile>
    <ClCompile Include="..\..\code\qcommon\msg.c">
      <Filter>Source Files\qcommon</Filter>
    </ClCompile>
    <ClCompile Include="..\..\code\qcommon\net_chan.c">
      <Filter>Source Files\qcommon</Filter>
    </ClCompile>
    <ClCompile Include="..\..\code\qcommon\net_ip.c">
      <Filter>Source Files\qcommon</Filter>
    </ClCompile>
    <ClCompile Include="..\..\code\qcommon\puff.c">
      <Filter>Source Files\qcommon</Filter>
    </ClCompile>
    <ClCompile Include="..\..\code\qcommon\q_math.c">
      <Filter>Source Files\qcommon</Filter>
    </ClCompile>
    <ClCompile Include="..\..\code\qcommon\q_shared.c">
      <Filter>Source Files\qcommon</Filter>
    </ClCompile>
    <ClCompile Include="..\..\code\qcommon\unzip.c">
      <Filter>Source Files\qcommon</Filter>
    </ClCompile>
    <ClCompile Include="..\..\code\qcommon\vm.c">
      <Filter>Source Files\qcommon</Filter>
    </ClCompile>
    <ClCompile Include="..\..\code\renderer\tr_sky.c">
      <Filter>Source Files\renderer</Filter>
    </ClCompile>
    <ClCompile Include="..\..\code\renderer\tr_subs.c">
      <Filter>Source Files\renderer</Filter>
    </ClCompile>
    <ClCompile Include="..\..\code\renderer\tr_surface.c">
      <Filter>Source Files\renderer</Filter>
    </ClCompile>
    <ClCompile Include="..\..\code\renderer\tr_world.c">
      <Filter>Source Files\renderer</Filter>
    </ClCompile>
    <ClCompile Include="..\..\code\renderer\tr_animation.c">
      <Filter>Source Files\renderer</Filter>
    </ClCompile>
    <ClCompile Include="..\..\code\renderer\tr_backend.c">
      <Filter>Source Files\renderer</Filter>
    </ClCompile>
    <ClCompile Include="..\..\code\renderer\tr_bsp.c">
      <Filter>Source Files\renderer</Filter>
    </ClCompile>
    <ClCompile Include="..\..\code\renderer\tr_cmds.c">
      <Filter>Source Files\renderer</Filter>
    </ClCompile>
    <ClCompile Include="..\..\code\renderer\tr_curve.c">
      <Filter>Source Files\renderer</Filter>
    </ClCompile>
    <ClCompile Include="..\..\code\renderer\tr_flares.c">
      <Filter>Source Files\renderer</Filter>
    </ClCompile>
    <ClCompile Include="..\..\code\renderer\tr_font.c">
      <Filter>Source Files\renderer</Filter>
    </ClCompile>
    <ClCompile Include="..\..\code\renderer\tr_image.c">
      <Filter>Source Files\renderer</Filter>
    </ClCompile>
    <ClCompile Include="..\..\code\renderer\tr_image_bmp.c">
      <Filter>Source Files\renderer</Filter>
    </ClCompile>
    <ClCompile Include="..\..\code\renderer\tr_image_jpg.c">
      <Filter>Source Files\renderer</Filter>
    </ClCompile>
    <ClCompile Include="..\..\code\renderer\tr_image_pcx.c">
      <Filter>Source Files\renderer</Filter>
    </ClCompile>
    <ClCompile Include="..\..\code\renderer\tr_image_png.c">
      <Filter>Source Files\renderer</Filter>
    </ClCompile>
    <ClCompile Include="..\..\code\renderer\tr_image_tga.c">
      <Filter>Source Files\renderer</Filter>
    </ClCompile>
    <ClCompile Include="..\..\code\renderer\tr_init.c">
      <Filter>Source Files\renderer</Filter>
    </ClCompile>
    <ClCompile Include="..\..\code\renderer\tr_light.c">
      <Filter>Source Files\renderer</Filter>
    </ClCompile>
    <ClCompile Include="..\..\code\renderer\tr_main.c">
      <Filter>Source Files\renderer</Filter>
    </ClCompile>
    <ClCompile Include="..\..\code\renderer\tr_marks.c">
      <Filter>Source Files\renderer</Filter>
    </ClCompile>
    <ClCompile Include="..\..\code\renderer\tr_mesh.c">
      <Filter>Source Files\renderer</Filter>
    </ClCompile>
    <ClCompile Include="..\..\code\renderer\tr_model.c">
      <Filter>Source Files\renderer</Filter>
    </ClCompile>
    <ClCompile Include="..\..\code\renderer\tr_model_iqm.c">
      <Filter>Source Files\renderer</Filter>
    </ClCompile>
    <ClCompile Include="..\..\code\renderer\tr_noise.c">
      <Filter>Source Files\renderer</Filter>
    </ClCompile>
    <ClCompile Include="..\..\code\renderer\tr_scene.c">
      <Filter>Source Files\renderer</Filter>
    </ClCompile>
    <ClCompile Include="..\..\code\renderer\tr_shade.c">
      <Filter>Source Files\renderer</Filter>
    </ClCompile>
    <ClCompile Include="..\..\code\renderer\tr_shade_calc.c">
      <Filter>Source Files\renderer</Filter>
    </ClCompile>
    <ClCompile Include="..\..\code\renderer\tr_shader.c">
      <Filter>Source Files\renderer</Filter>
    </ClCompile>
    <ClCompile Include="..\..\code\renderer\tr_shadows.c">
      <Filter>Source Files\renderer</Filter>
    </ClCompile>
    <ClCompile Include="..\..\code\sdl\sdl_snd.c">
      <Filter>Source Files\sdl</Filter>
    </ClCompile>
    <ClCompile Include="..\..\code\sdl\sdl_gamma.c">
      <Filter>Source Files\sdl</Filter>
    </ClCompile>
    <ClCompile Include="..\..\code\sdl\sdl_glimp.c">
      <Filter>Source Files\sdl</Filter>
    </ClCompile>
    <ClCompile Include="..\..\code\sdl\sdl_input.c">
      <Filter>Source Files\sdl</Filter>
    </ClCompile>
    <ClCompile Include="..\..\code\server\sv_main.c">
      <Filter>Source Files\server</Filter>
    </ClCompile>
    <ClCompile Include="..\..\code\server\sv_net_chan.c">
      <Filter>Source Files\server</Filter>
    </ClCompile>
    <ClCompile Include="..\..\code\server\sv_rankings.c">
      <Filter>Source Files\server</Filter>
    </ClCompile>
    <ClCompile Include="..\..\code\server\sv_snapshot.c">
      <Filter>Source Files\server</Filter>
    </ClCompile>
    <ClCompile Include="..\..\code\server\sv_world.c">
      <Filter>Source Files\server</Filter>
    </ClCompile>
    <ClCompile Include="..\..\code\server\sv_bot.c">
      <Filter>Source Files\server</Filter>
    </ClCompile>
    <ClCompile Include="..\..\code\server\sv_ccmds.c">
      <Filter>Source Files\server</Filter>
    </ClCompile>
    <ClCompile Include="..\..\code\server\sv_client.c">
      <Filter>Source Files\server</Filter>
    </ClCompile>
    <ClCompile Include="..\..\code\server\sv_game.c">
      <Filter>Source Files\server</Filter>
    </ClCompile>
    <ClCompile Include="..\..\code\server\sv_init.c">
      <Filter>Source Files\server</Filter>
    </ClCompile>
    <ClCompile Include="..\..\code\sys\sys_main.c">
      <Filter>Source Files\sys</Filter>
    </ClCompile>
    <ClCompile Include="..\..\code\sys\sys_unix.c">
      <Filter>Source Files\sys</Filter>
    </ClCompile>
    <ClCompile Include="..\..\code\sys\sys_win32.c">
      <Filter>Source Files\sys</Filter>
    </ClCompile>
    <ClCompile Include="..\..\code\sys\con_log.c">
      <Filter>Source Files\sys</Filter>
    </ClCompile>
    <ClCompile Include="..\..\code\sys\con_passive.c">
      <Filter>Source Files\sys</Filter>
    </ClCompile>
    <ClCompile Include="..\..\code\sys\con_tty.c">
      <Filter>Source Files\sys</Filter>
    </ClCompile>
    <ClCompile Include="..\..\code\sys\con_win32.c">
      <Filter>Source Files\sys</Filter>
    </ClCompile>
    <ClCompile Include="..\..\code\ui\ui_team.c">
      <Filter>Source Files\ui</Filter>
    </ClCompile>
    <ClCompile Include="..\..\code\ui\ui_teamorders.c">
      <Filter>Source Files\ui</Filter>
    </ClCompile>
    <ClCompile Include="..\..\code\ui\ui_transporter.c">
      <Filter>Source Files\ui</Filter>
    </ClCompile>
    <ClCompile Include="..\..\code\ui\ui_turbolift.c">
      <Filter>Source Files\ui</Filter>
    </ClCompile>
    <ClCompile Include="..\..\code\ui\ui_video.c">
      <Filter>Source Files\ui</Filter>
    </ClCompile>
    <ClCompile Include="..\..\code\ui\ui_addbots.c">
      <Filter>Source Files\ui</Filter>
    </ClCompile>
    <ClCompile Include="..\..\code\ui\ui_admin.c">
      <Filter>Source Files\ui</Filter>
    </ClCompile>
    <ClCompile Include="..\..\code\ui\ui_atoms.c">
      <Filter>Source Files\ui</Filter>
    </ClCompile>
    <ClCompile Include="..\..\code\ui\ui_cdkey.c">
      <Filter>Source Files\ui</Filter>
    </ClCompile>
    <ClCompile Include="..\..\code\ui\ui_confirm.c">
      <Filter>Source Files\ui</Filter>
    </ClCompile>
    <ClCompile Include="..\..\code\ui\ui_connect.c">
      <Filter>Source Files\ui</Filter>
    </ClCompile>
    <ClCompile Include="..\..\code\ui\ui_controls2.c">
      <Filter>Source Files\ui</Filter>
    </ClCompile>
    <ClCompile Include="..\..\code\ui\ui_credits.c">
      <Filter>Source Files\ui</Filter>
    </ClCompile>
    <ClCompile Include="..\..\code\ui\ui_cvars.c">
      <Filter>Source Files\ui</Filter>
    </ClCompile>
    <ClCompile Include="..\..\code\ui\ui_demo2.c">
      <Filter>Source Files\ui</Filter>
    </ClCompile>
    <ClCompile Include="..\..\code\ui\ui_emotes.c">
      <Filter>Source Files\ui</Filter>
    </ClCompile>
    <ClCompile Include="..\..\code\ui\ui_fonts.c">
      <Filter>Source Files\ui</Filter>
    </ClCompile>
    <ClCompile Include="..\..\code\ui\ui_gameinfo.c">
      <Filter>Source Files\ui</Filter>
    </ClCompile>
    <ClCompile Include="..\..\code\ui\ui_holodeck.c">
      <Filter>Source Files\ui</Filter>
    </ClCompile>
    <ClCompile Include="..\..\code\ui\ui_ingame.c">
      <Filter>Source Files\ui</Filter>
    </ClCompile>
    <ClCompile Include="..\..\code\ui\ui_library.c">
      <Filter>Source Files\ui</Filter>
    </ClCompile>
    <ClCompile Include="..\..\code\ui\ui_main.c">
      <Filter>Source Files\ui</Filter>
    </ClCompile>
    <ClCompile Include="..\..\code\ui\ui_menu.c">
      <Filter>Source Files\ui</Filter>
    </ClCompile>
    <ClCompile Include="..\..\code\ui\ui_mfield.c">
      <Filter>Source Files\ui</Filter>
    </ClCompile>
    <ClCompile Include="..\..\code\ui\ui_mods.c">
      <Filter>Source Files\ui</Filter>
    </ClCompile>
    <ClCompile Include="..\..\code\ui\ui_motd.c">
      <Filter>Source Files\ui</Filter>
    </ClCompile>
    <ClCompile Include="..\..\code\ui\ui_msd.c">
      <Filter>Source Files\ui</Filter>
    </ClCompile>
    <ClCompile Include="..\..\code\ui\ui_network.c">
      <Filter>Source Files\ui</Filter>
    </ClCompile>
    <ClCompile Include="..\..\code\ui\ui_playermodel.c">
      <Filter>Source Files\ui</Filter>
    </ClCompile>
    <ClCompile Include="..\..\code\ui\ui_players.c">
      <Filter>Source Files\ui</Filter>
    </ClCompile>
    <ClCompile Include="..\..\code\ui\ui_playersettings.c">
      <Filter>Source Files\ui</Filter>
    </ClCompile>
    <ClCompile Include="..\..\code\ui\ui_preferences.c">
      <Filter>Source Files\ui</Filter>
    </ClCompile>
    <ClCompile Include="..\..\code\ui\ui_qmenu.c">
      <Filter>Source Files\ui</Filter>
    </ClCompile>
    <ClCompile Include="..\..\code\ui\ui_removebots.c">
      <Filter>Source Files\ui</Filter>
    </ClCompile>
    <ClCompile Include="..\..\code\ui\ui_serverinfo.c">
      <Filter>Source Files\ui</Filter>
    </ClCompile>
    <ClCompile Include="..\..\code\ui\ui_servers2.c">
      <Filter>Source Files\ui</Filter>
    </ClCompile>
    <ClCompile Include="..\..\code\ui\ui_sound.c">
      <Filter>Source Files\ui</Filter>
    </ClCompile>
    <ClCompile Include="..\..\code\ui\ui_sparena.c">
      <Filter>Source Files\ui</Filter>
    </ClCompile>
    <ClCompile Include="..\..\code\ui\ui_specifyserver.c">
      <Filter>Source Files\ui</Filter>
    </ClCompile>
    <ClCompile Include="..\..\code\ui\ui_splevel.c">
      <Filter>Source Files\ui</Filter>
    </ClCompile>
    <ClCompile Include="..\..\code\ui\ui_sppostgame.c">
      <Filter>Source Files\ui</Filter>
    </ClCompile>
    <ClCompile Include="..\..\code\ui\ui_spreset.c">
      <Filter>Source Files\ui</Filter>
    </ClCompile>
    <ClCompile Include="..\..\code\ui\ui_spskill.c">
      <Filter>Source Files\ui</Filter>
    </ClCompile>
    <ClCompile Include="..\..\code\ui\ui_sql.c">
      <Filter>Source Files\ui</Filter>
    </ClCompile>
    <ClCompile Include="..\..\code\ui\ui_startserver.c">
      <Filter>Source Files\ui</Filter>
    </ClCompile>
    <ClCompile Include="..\..\code\ui\ui_syscalls.c">
      <Filter>Source Files\ui</Filter>
    </ClCompile>
    <ClCompile Include="..\..\code\ui\ui_tactical.c">
      <Filter>Source Files\ui</Filter>
    </ClCompile>
    <ClCompile Include="..\..\code\zlib\crc32.c">
      <Filter>Source Files\zlib</Filter>
    </ClCompile>
    <ClCompile Include="..\..\code\zlib\inffast.c">
      <Filter>Source Files\zlib</Filter>
    </ClCompile>
    <ClCompile Include="..\..\code\zlib\inflate.c">
      <Filter>Source Files\zlib</Filter>
    </ClCompile>
    <ClCompile Include="..\..\code\zlib\inftrees.c">
      <Filter>Source Files\zlib</Filter>
    </ClCompile>
    <ClCompile Include="..\..\code\zlib\zutil.c">
      <Filter>Source Files\zlib</Filter>
    </ClCompile>
    <ClCompile Include="..\..\code\zlib\adler32.c">
      <Filter>Source Files\zlib</Filter>
    </ClCompile>
  </ItemGroup>
</Project>